// !$*UTF8*$!
{
	archiveVersion = 1;
	classes = {
	};
	objectVersion = 46;
	objects = {

/* Begin PBXBuildFile section */
		B633EEB2184325E6007E0B7E /* Foundation.framework in Frameworks */ = {isa = PBXBuildFile; fileRef = B633EEB1184325E6007E0B7E /* Foundation.framework */; };
		B633EEB4184325E6007E0B7E /* CoreGraphics.framework in Frameworks */ = {isa = PBXBuildFile; fileRef = B633EEB3184325E6007E0B7E /* CoreGraphics.framework */; };
		B633EEB6184325E6007E0B7E /* UIKit.framework in Frameworks */ = {isa = PBXBuildFile; fileRef = B633EEB5184325E6007E0B7E /* UIKit.framework */; };
		B633EEBC184325E6007E0B7E /* InfoPlist.strings in Resources */ = {isa = PBXBuildFile; fileRef = B633EEBA184325E6007E0B7E /* InfoPlist.strings */; };
		B633EEBE184325E6007E0B7E /* main.m in Sources */ = {isa = PBXBuildFile; fileRef = B633EEBD184325E6007E0B7E /* main.m */; };
		B633EEC2184325E6007E0B7E /* LYAppDelegate.m in Sources */ = {isa = PBXBuildFile; fileRef = B633EEC1184325E6007E0B7E /* LYAppDelegate.m */; };
		B633EEC4184325E6007E0B7E /* Images.xcassets in Resources */ = {isa = PBXBuildFile; fileRef = B633EEC3184325E6007E0B7E /* Images.xcassets */; };
		B633EEE718432A86007E0B7E /* NSString+Input.m in Sources */ = {isa = PBXBuildFile; fileRef = B633EEE618432A86007E0B7E /* NSString+Input.m */; };
		B633EEEA18432E97007E0B7E /* NSDate+Formatter.m in Sources */ = {isa = PBXBuildFile; fileRef = B633EEE918432E97007E0B7E /* NSDate+Formatter.m */; };
/* End PBXBuildFile section */

/* Begin PBXFileReference section */
		B633EEAE184325E6007E0B7E /* LYCategory.app */ = {isa = PBXFileReference; explicitFileType = wrapper.application; includeInIndex = 0; path = LYCategory.app; sourceTree = BUILT_PRODUCTS_DIR; };
		B633EEB1184325E6007E0B7E /* Foundation.framework */ = {isa = PBXFileReference; lastKnownFileType = wrapper.framework; name = Foundation.framework; path = System/Library/Frameworks/Foundation.framework; sourceTree = SDKROOT; };
		B633EEB3184325E6007E0B7E /* CoreGraphics.framework */ = {isa = PBXFileReference; lastKnownFileType = wrapper.framework; name = CoreGraphics.framework; path = System/Library/Frameworks/CoreGraphics.framework; sourceTree = SDKROOT; };
		B633EEB5184325E6007E0B7E /* UIKit.framework */ = {isa = PBXFileReference; lastKnownFileType = wrapper.framework; name = UIKit.framework; path = System/Library/Frameworks/UIKit.framework; sourceTree = SDKROOT; };
		B633EEB9184325E6007E0B7E /* LYCategory-Info.plist */ = {isa = PBXFileReference; lastKnownFileType = text.plist.xml; path = "LYCategory-Info.plist"; sourceTree = "<group>"; };
		B633EEBB184325E6007E0B7E /* en */ = {isa = PBXFileReference; lastKnownFileType = text.plist.strings; name = en; path = en.lproj/InfoPlist.strings; sourceTree = "<group>"; };
		B633EEBD184325E6007E0B7E /* main.m */ = {isa = PBXFileReference; lastKnownFileType = sourcecode.c.objc; path = main.m; sourceTree = "<group>"; };
		B633EEBF184325E6007E0B7E /* LYCategory-Prefix.pch */ = {isa = PBXFileReference; lastKnownFileType = sourcecode.c.h; path = "LYCategory-Prefix.pch"; sourceTree = "<group>"; };
		B633EEC0184325E6007E0B7E /* LYAppDelegate.h */ = {isa = PBXFileReference; lastKnownFileType = sourcecode.c.h; path = LYAppDelegate.h; sourceTree = "<group>"; };
		B633EEC1184325E6007E0B7E /* LYAppDelegate.m */ = {isa = PBXFileReference; lastKnownFileType = sourcecode.c.objc; path = LYAppDelegate.m; sourceTree = "<group>"; };
		B633EEC3184325E6007E0B7E /* Images.xcassets */ = {isa = PBXFileReference; lastKnownFileType = folder.assetcatalog; path = Images.xcassets; sourceTree = "<group>"; };
		B633EECA184325E6007E0B7E /* XCTest.framework */ = {isa = PBXFileReference; lastKnownFileType = wrapper.framework; name = XCTest.framework; path = Library/Frameworks/XCTest.framework; sourceTree = DEVELOPER_DIR; };
		B633EEE11843276F007E0B7E /* LYCategory.h */ = {isa = PBXFileReference; fileEncoding = 4; lastKnownFileType = sourcecode.c.h; path = LYCategory.h; sourceTree = "<group>"; };
		B633EEE518432A86007E0B7E /* NSString+Input.h */ = {isa = PBXFileReference; fileEncoding = 4; lastKnownFileType = sourcecode.c.h; path = "NSString+Input.h"; sourceTree = "<group>"; };
		B633EEE618432A86007E0B7E /* NSString+Input.m */ = {isa = PBXFileReference; fileEncoding = 4; lastKnownFileType = sourcecode.c.objc; path = "NSString+Input.m"; sourceTree = "<group>"; };
		B633EEE818432E96007E0B7E /* NSDate+Formatter.h */ = {isa = PBXFileReference; fileEncoding = 4; lastKnownFileType = sourcecode.c.h; path = "NSDate+Formatter.h"; sourceTree = "<group>"; };
		B633EEE918432E97007E0B7E /* NSDate+Formatter.m */ = {isa = PBXFileReference; fileEncoding = 4; lastKnownFileType = sourcecode.c.objc; path = "NSDate+Formatter.m"; sourceTree = "<group>"; };
/* End PBXFileReference section */

/* Begin PBXFrameworksBuildPhase section */
		B633EEAB184325E6007E0B7E /* Frameworks */ = {
			isa = PBXFrameworksBuildPhase;
			buildActionMask = 2147483647;
			files = (
				B633EEB4184325E6007E0B7E /* CoreGraphics.framework in Frameworks */,
				B633EEB6184325E6007E0B7E /* UIKit.framework in Frameworks */,
				B633EEB2184325E6007E0B7E /* Foundation.framework in Frameworks */,
			);
			runOnlyForDeploymentPostprocessing = 0;
		};
/* End PBXFrameworksBuildPhase section */

/* Begin PBXGroup section */
		B633EEA5184325E5007E0B7E = {
			isa = PBXGroup;
			children = (
				B633EEB7184325E6007E0B7E /* LYCategory */,
				B633EEB0184325E6007E0B7E /* Frameworks */,
				B633EEAF184325E6007E0B7E /* Products */,
				B633EEE01843276F007E0B7E /* LYCategory */,
			);
			sourceTree = "<group>";
		};
		B633EEAF184325E6007E0B7E /* Products */ = {
			isa = PBXGroup;
			children = (
				B633EEAE184325E6007E0B7E /* LYCategory.app */,
			);
			name = Products;
			sourceTree = "<group>";
		};
		B633EEB0184325E6007E0B7E /* Frameworks */ = {
			isa = PBXGroup;
			children = (
				B633EEB1184325E6007E0B7E /* Foundation.framework */,
				B633EEB3184325E6007E0B7E /* CoreGraphics.framework */,
				B633EEB5184325E6007E0B7E /* UIKit.framework */,
				B633EECA184325E6007E0B7E /* XCTest.framework */,
			);
			name = Frameworks;
			sourceTree = "<group>";
		};
		B633EEB7184325E6007E0B7E /* LYCategory */ = {
			isa = PBXGroup;
			children = (
				B633EEC0184325E6007E0B7E /* LYAppDelegate.h */,
				B633EEC1184325E6007E0B7E /* LYAppDelegate.m */,
				B633EEC3184325E6007E0B7E /* Images.xcassets */,
				B633EEB8184325E6007E0B7E /* Supporting Files */,
			);
			path = LYCategory;
			sourceTree = "<group>";
		};
		B633EEB8184325E6007E0B7E /* Supporting Files */ = {
			isa = PBXGroup;
			children = (
				B633EEB9184325E6007E0B7E /* LYCategory-Info.plist */,
				B633EEBA184325E6007E0B7E /* InfoPlist.strings */,
				B633EEBD184325E6007E0B7E /* main.m */,
				B633EEBF184325E6007E0B7E /* LYCategory-Prefix.pch */,
			);
			name = "Supporting Files";
			sourceTree = "<group>";
		};
		B633EEE01843276F007E0B7E /* LYCategory */ = {
			isa = PBXGroup;
			children = (
				B633EEE11843276F007E0B7E /* LYCategory.h */,
				B633EEE2184329FE007E0B7E /* _Cocoa */,
				B633EEE3184329FE007E0B7E /* _Foundation */,
				B633EEE4184329FE007E0B7E /* _UIKit */,
			);
			name = LYCategory;
			path = ../LYCategory;
			sourceTree = "<group>";
		};
		B633EEE2184329FE007E0B7E /* _Cocoa */ = {
			isa = PBXGroup;
			children = (
			);
			path = _Cocoa;
			sourceTree = "<group>";
		};
		B633EEE3184329FE007E0B7E /* _Foundation */ = {
			isa = PBXGroup;
			children = (
				B633EEE518432A86007E0B7E /* NSString+Input.h */,
				B633EEE618432A86007E0B7E /* NSString+Input.m */,
				B633EEE818432E96007E0B7E /* NSDate+Formatter.h */,
				B633EEE918432E97007E0B7E /* NSDate+Formatter.m */,
			);
			path = _Foundation;
			sourceTree = "<group>";
		};
		B633EEE4184329FE007E0B7E /* _UIKit */ = {
			isa = PBXGroup;
			children = (
			);
			path = _UIKit;
			sourceTree = "<group>";
		};
/* End PBXGroup section */

/* Begin PBXNativeTarget section */
		B633EEAD184325E6007E0B7E /* LYCategory */ = {
			isa = PBXNativeTarget;
			buildConfigurationList = B633EEDA184325E6007E0B7E /* Build configuration list for PBXNativeTarget "LYCategory" */;
			buildPhases = (
				B633EEAA184325E6007E0B7E /* Sources */,
				B633EEAB184325E6007E0B7E /* Frameworks */,
				B633EEAC184325E6007E0B7E /* Resources */,
			);
			buildRules = (
			);
			dependencies = (
			);
			name = LYCategory;
			productName = LYCategory;
			productReference = B633EEAE184325E6007E0B7E /* LYCategory.app */;
			productType = "com.apple.product-type.application";
		};
/* End PBXNativeTarget section */

/* Begin PBXProject section */
		B633EEA6184325E5007E0B7E /* Project object */ = {
			isa = PBXProject;
			attributes = {
				CLASSPREFIX = LY;
				LastUpgradeCheck = 0500;
				ORGANIZATIONNAME = "Luo Yu";
			};
			buildConfigurationList = B633EEA9184325E5007E0B7E /* Build configuration list for PBXProject "LYCategory" */;
			compatibilityVersion = "Xcode 3.2";
			developmentRegion = English;
			hasScannedForEncodings = 0;
			knownRegions = (
				en,
			);
			mainGroup = B633EEA5184325E5007E0B7E;
			productRefGroup = B633EEAF184325E6007E0B7E /* Products */;
			projectDirPath = "";
			projectRoot = "";
			targets = (
				B633EEAD184325E6007E0B7E /* LYCategory */,
			);
		};
/* End PBXProject section */

/* Begin PBXResourcesBuildPhase section */
		B633EEAC184325E6007E0B7E /* Resources */ = {
			isa = PBXResourcesBuildPhase;
			buildActionMask = 2147483647;
			files = (
				B633EEBC184325E6007E0B7E /* InfoPlist.strings in Resources */,
				B633EEC4184325E6007E0B7E /* Images.xcassets in Resources */,
			);
			runOnlyForDeploymentPostprocessing = 0;
		};
/* End PBXResourcesBuildPhase section */

/* Begin PBXSourcesBuildPhase section */
		B633EEAA184325E6007E0B7E /* Sources */ = {
			isa = PBXSourcesBuildPhase;
			buildActionMask = 2147483647;
			files = (
				B633EEE718432A86007E0B7E /* NSString+Input.m in Sources */,
				B633EEBE184325E6007E0B7E /* main.m in Sources */,
				B633EEC2184325E6007E0B7E /* LYAppDelegate.m in Sources */,
				B633EEEA18432E97007E0B7E /* NSDate+Formatter.m in Sources */,
			);
			runOnlyForDeploymentPostprocessing = 0;
		};
/* End PBXSourcesBuildPhase section */

/* Begin PBXVariantGroup section */
		B633EEBA184325E6007E0B7E /* InfoPlist.strings */ = {
			isa = PBXVariantGroup;
			children = (
				B633EEBB184325E6007E0B7E /* en */,
			);
			name = InfoPlist.strings;
			sourceTree = "<group>";
		};
/* End PBXVariantGroup section */

/* Begin XCBuildConfiguration section */
		B633EED8184325E6007E0B7E /* Debug */ = {
			isa = XCBuildConfiguration;
			buildSettings = {
				ALWAYS_SEARCH_USER_PATHS = NO;
				ARCHS = "$(ARCHS_STANDARD_INCLUDING_64_BIT)";
				CLANG_CXX_LANGUAGE_STANDARD = "gnu++0x";
				CLANG_CXX_LIBRARY = "libc++";
				CLANG_ENABLE_MODULES = YES;
				CLANG_ENABLE_OBJC_ARC = YES;
				CLANG_WARN_BOOL_CONVERSION = YES;
				CLANG_WARN_CONSTANT_CONVERSION = YES;
				CLANG_WARN_DIRECT_OBJC_ISA_USAGE = YES_ERROR;
				CLANG_WARN_EMPTY_BODY = YES;
				CLANG_WARN_ENUM_CONVERSION = YES;
				CLANG_WARN_INT_CONVERSION = YES;
				CLANG_WARN_OBJC_ROOT_CLASS = YES_ERROR;
				CLANG_WARN__DUPLICATE_METHOD_MATCH = YES;
				"CODE_SIGN_IDENTITY[sdk=iphoneos*]" = "iPhone Developer";
				COPY_PHASE_STRIP = NO;
				GCC_C_LANGUAGE_STANDARD = gnu99;
				GCC_DYNAMIC_NO_PIC = NO;
				GCC_OPTIMIZATION_LEVEL = 0;
				GCC_PREPROCESSOR_DEFINITIONS = (
					"DEBUG=1",
					"$(inherited)",
				);
				GCC_SYMBOLS_PRIVATE_EXTERN = NO;
				GCC_WARN_64_TO_32_BIT_CONVERSION = YES;
				GCC_WARN_ABOUT_RETURN_TYPE = YES_ERROR;
				GCC_WARN_UNDECLARED_SELECTOR = YES;
				GCC_WARN_UNINITIALIZED_AUTOS = YES;
				GCC_WARN_UNUSED_FUNCTION = YES;
				GCC_WARN_UNUSED_VARIABLE = YES;
				IPHONEOS_DEPLOYMENT_TARGET = 7.0;
				ONLY_ACTIVE_ARCH = YES;
				SDKROOT = iphoneos;
			};
			name = Debug;
		};
		B633EED9184325E6007E0B7E /* Release */ = {
			isa = XCBuildConfiguration;
			buildSettings = {
				ALWAYS_SEARCH_USER_PATHS = NO;
				ARCHS = "$(ARCHS_STANDARD_INCLUDING_64_BIT)";
				CLANG_CXX_LANGUAGE_STANDARD = "gnu++0x";
				CLANG_CXX_LIBRARY = "libc++";
				CLANG_ENABLE_MODULES = YES;
				CLANG_ENABLE_OBJC_ARC = YES;
				CLANG_WARN_BOOL_CONVERSION = YES;
				CLANG_WARN_CONSTANT_CONVERSION = YES;
				CLANG_WARN_DIRECT_OBJC_ISA_USAGE = YES_ERROR;
				CLANG_WARN_EMPTY_BODY = YES;
				CLANG_WARN_ENUM_CONVERSION = YES;
				CLANG_WARN_INT_CONVERSION = YES;
				CLANG_WARN_OBJC_ROOT_CLASS = YES_ERROR;
				CLANG_WARN__DUPLICATE_METHOD_MATCH = YES;
				"CODE_SIGN_IDENTITY[sdk=iphoneos*]" = "iPhone Developer";
				COPY_PHASE_STRIP = YES;
				ENABLE_NS_ASSERTIONS = NO;
				GCC_C_LANGUAGE_STANDARD = gnu99;
				GCC_WARN_64_TO_32_BIT_CONVERSION = YES;
				GCC_WARN_ABOUT_RETURN_TYPE = YES_ERROR;
				GCC_WARN_UNDECLARED_SELECTOR = YES;
				GCC_WARN_UNINITIALIZED_AUTOS = YES;
				GCC_WARN_UNUSED_FUNCTION = YES;
				GCC_WARN_UNUSED_VARIABLE = YES;
				IPHONEOS_DEPLOYMENT_TARGET = 7.0;
				SDKROOT = iphoneos;
				VALIDATE_PRODUCT = YES;
			};
			name = Release;
		};
		B633EEDB184325E6007E0B7E /* Debug */ = {
			isa = XCBuildConfiguration;
			buildSettings = {
				ARCHS = "$(ARCHS_STANDARD)";
				ASSETCATALOG_COMPILER_APPICON_NAME = AppIcon;
				ASSETCATALOG_COMPILER_LAUNCHIMAGE_NAME = LaunchImage;
				GCC_PRECOMPILE_PREFIX_HEADER = YES;
				GCC_PREFIX_HEADER = "LYCategory/LYCategory-Prefix.pch";
				INFOPLIST_FILE = "LYCategory/LYCategory-Info.plist";
				IPHONEOS_DEPLOYMENT_TARGET = 6.0;
				PRODUCT_NAME = "$(TARGET_NAME)";
				WRAPPER_EXTENSION = app;
			};
			name = Debug;
		};
		B633EEDC184325E6007E0B7E /* Release */ = {
			isa = XCBuildConfiguration;
			buildSettings = {
				ARCHS = "$(ARCHS_STANDARD)";
				ASSETCATALOG_COMPILER_APPICON_NAME = AppIcon;
				ASSETCATALOG_COMPILER_LAUNCHIMAGE_NAME = LaunchImage;
				GCC_PRECOMPILE_PREFIX_HEADER = YES;
				GCC_PREFIX_HEADER = "LYCategory/LYCategory-Prefix.pch";
				INFOPLIST_FILE = "LYCategory/LYCategory-Info.plist";
				IPHONEOS_DEPLOYMENT_TARGET = 6.0;
				PRODUCT_NAME = "$(TARGET_NAME)";
				WRAPPER_EXTENSION = app;
			};
			name = Release;
		};
/* End XCBuildConfiguration section */

/* Begin XCConfigurationList section */
		B633EEA9184325E5007E0B7E /* Build configuration list for PBXProject "LYCategory" */ = {
			isa = XCConfigurationList;
			buildConfigurations = (
				B633EED8184325E6007E0B7E /* Debug */,
				B633EED9184325E6007E0B7E /* Release */,
			);
			defaultConfigurationIsVisible = 0;
			defaultConfigurationName = Release;
		};
		B633EEDA184325E6007E0B7E /* Build configuration list for PBXNativeTarget "LYCategory" */ = {
			isa = XCConfigurationList;
			buildConfigurations = (
				B633EEDB184325E6007E0B7E /* Debug */,
				B633EEDC184325E6007E0B7E /* Release */,
			);
			defaultConfigurationIsVisible = 0;
			defaultConfigurationName = Release;
		};
/* End XCConfigurationList section */
	};
	rootObject = B633EEA6184325E5007E0B7E /* Project object */;
}
