// !$*UTF8*$!
{
	archiveVersion = 1;
	classes = {
	};
	objectVersion = 46;
	objects = {

/* Begin PBXBuildFile section */
		B6152993184986A800A28C38 /* NSDate+Operator.m in Sources */ = {isa = PBXBuildFile; fileRef = B6152992184986A800A28C38 /* NSDate+Operator.m */; };
		B633EEB2184325E6007E0B7E /* Foundation.framework in Frameworks */ = {isa = PBXBuildFile; fileRef = B633EEB1184325E6007E0B7E /* Foundation.framework */; };
		B633EEB4184325E6007E0B7E /* CoreGraphics.framework in Frameworks */ = {isa = PBXBuildFile; fileRef = B633EEB3184325E6007E0B7E /* CoreGraphics.framework */; };
		B633EEB6184325E6007E0B7E /* UIKit.framework in Frameworks */ = {isa = PBXBuildFile; fileRef = B633EEB5184325E6007E0B7E /* UIKit.framework */; };
		B633EEBC184325E6007E0B7E /* InfoPlist.strings in Resources */ = {isa = PBXBuildFile; fileRef = B633EEBA184325E6007E0B7E /* InfoPlist.strings */; };
		B633EEBE184325E6007E0B7E /* main.m in Sources */ = {isa = PBXBuildFile; fileRef = B633EEBD184325E6007E0B7E /* main.m */; };
		B633EEC2184325E6007E0B7E /* LYAppDelegate.m in Sources */ = {isa = PBXBuildFile; fileRef = B633EEC1184325E6007E0B7E /* LYAppDelegate.m */; };
		B633EEC4184325E6007E0B7E /* Images.xcassets in Resources */ = {isa = PBXBuildFile; fileRef = B633EEC3184325E6007E0B7E /* Images.xcassets */; };
		B633EEE718432A86007E0B7E /* NSString+Input.m in Sources */ = {isa = PBXBuildFile; fileRef = B633EEE618432A86007E0B7E /* NSString+Input.m */; };
		B633EEEA18432E97007E0B7E /* NSDate+Formatter.m in Sources */ = {isa = PBXBuildFile; fileRef = B633EEE918432E97007E0B7E /* NSDate+Formatter.m */; };
		B633EEEE18432FCC007E0B7E /* NSDictionary+Fix.m in Sources */ = {isa = PBXBuildFile; fileRef = B633EEED18432FCC007E0B7E /* NSDictionary+Fix.m */; };
		B633EEF1184330C6007E0B7E /* NSArray+Fix.m in Sources */ = {isa = PBXBuildFile; fileRef = B633EEF0184330C6007E0B7E /* NSArray+Fix.m */; };
		B633EEF418433121007E0B7E /* NSNumber+Fix.m in Sources */ = {isa = PBXBuildFile; fileRef = B633EEF318433121007E0B7E /* NSNumber+Fix.m */; };
		B633EEF71843374C007E0B7E /* NSString+Fix.m in Sources */ = {isa = PBXBuildFile; fileRef = B633EEF61843374C007E0B7E /* NSString+Fix.m */; };
		B6712F10184C3A6B0046FBC1 /* UITextField+Input.m in Sources */ = {isa = PBXBuildFile; fileRef = B6712F0F184C3A6B0046FBC1 /* UITextField+Input.m */; };
		B6712F13184C3B400046FBC1 /* UITextView+Input.m in Sources */ = {isa = PBXBuildFile; fileRef = B6712F12184C3B400046FBC1 /* UITextView+Input.m */; };
		B6712F16184C52560046FBC1 /* NSURLRequest+Speed.m in Sources */ = {isa = PBXBuildFile; fileRef = B6712F15184C52560046FBC1 /* NSURLRequest+Speed.m */; };
		B6712F19184C53860046FBC1 /* NSString+Speed.m in Sources */ = {isa = PBXBuildFile; fileRef = B6712F18184C53860046FBC1 /* NSString+Speed.m */; };
		B6712F1D184C56370046FBC1 /* NSString+Date.m in Sources */ = {isa = PBXBuildFile; fileRef = B6712F1C184C56370046FBC1 /* NSString+Date.m */; };
		B6712F20184C58580046FBC1 /* NSNumber+Date.m in Sources */ = {isa = PBXBuildFile; fileRef = B6712F1F184C58580046FBC1 /* NSNumber+Date.m */; };
		B6712F26184C5A620046FBC1 /* MenuViewController.m in Sources */ = {isa = PBXBuildFile; fileRef = B6712F24184C5A620046FBC1 /* MenuViewController.m */; };
		B6712F27184C5A620046FBC1 /* MenuViewController.xib in Resources */ = {isa = PBXBuildFile; fileRef = B6712F25184C5A620046FBC1 /* MenuViewController.xib */; };
		B6712F92184C79F30046FBC1 /* placeholder in Resources */ = {isa = PBXBuildFile; fileRef = B6712F91184C79F30046FBC1 /* placeholder */; };
/* End PBXBuildFile section */

/* Begin PBXFileReference section */
		B6152991184986A800A28C38 /* NSDate+Operator.h */ = {isa = PBXFileReference; fileEncoding = 4; lastKnownFileType = sourcecode.c.h; path = "NSDate+Operator.h"; sourceTree = "<group>"; };
		B6152992184986A800A28C38 /* NSDate+Operator.m */ = {isa = PBXFileReference; fileEncoding = 4; lastKnownFileType = sourcecode.c.objc; path = "NSDate+Operator.m"; sourceTree = "<group>"; };
		B633EEAE184325E6007E0B7E /* LYCategory.app */ = {isa = PBXFileReference; explicitFileType = wrapper.application; includeInIndex = 0; path = LYCategory.app; sourceTree = BUILT_PRODUCTS_DIR; };
		B633EEB1184325E6007E0B7E /* Foundation.framework */ = {isa = PBXFileReference; lastKnownFileType = wrapper.framework; name = Foundation.framework; path = System/Library/Frameworks/Foundation.framework; sourceTree = SDKROOT; };
		B633EEB3184325E6007E0B7E /* CoreGraphics.framework */ = {isa = PBXFileReference; lastKnownFileType = wrapper.framework; name = CoreGraphics.framework; path = System/Library/Frameworks/CoreGraphics.framework; sourceTree = SDKROOT; };
		B633EEB5184325E6007E0B7E /* UIKit.framework */ = {isa = PBXFileReference; lastKnownFileType = wrapper.framework; name = UIKit.framework; path = System/Library/Frameworks/UIKit.framework; sourceTree = SDKROOT; };
		B633EEB9184325E6007E0B7E /* LYCategory-Info.plist */ = {isa = PBXFileReference; lastKnownFileType = text.plist.xml; path = "LYCategory-Info.plist"; sourceTree = "<group>"; };
		B633EEBB184325E6007E0B7E /* en */ = {isa = PBXFileReference; lastKnownFileType = text.plist.strings; name = en; path = en.lproj/InfoPlist.strings; sourceTree = "<group>"; };
		B633EEBD184325E6007E0B7E /* main.m */ = {isa = PBXFileReference; lastKnownFileType = sourcecode.c.objc; path = main.m; sourceTree = "<group>"; };
		B633EEBF184325E6007E0B7E /* LYCategory-Prefix.pch */ = {isa = PBXFileReference; lastKnownFileType = sourcecode.c.h; path = "LYCategory-Prefix.pch"; sourceTree = "<group>"; };
		B633EEC0184325E6007E0B7E /* LYAppDelegate.h */ = {isa = PBXFileReference; lastKnownFileType = sourcecode.c.h; path = LYAppDelegate.h; sourceTree = "<group>"; };
		B633EEC1184325E6007E0B7E /* LYAppDelegate.m */ = {isa = PBXFileReference; lastKnownFileType = sourcecode.c.objc; path = LYAppDelegate.m; sourceTree = "<group>"; };
		B633EEC3184325E6007E0B7E /* Images.xcassets */ = {isa = PBXFileReference; lastKnownFileType = folder.assetcatalog; path = Images.xcassets; sourceTree = "<group>"; };
		B633EECA184325E6007E0B7E /* XCTest.framework */ = {isa = PBXFileReference; lastKnownFileType = wrapper.framework; name = XCTest.framework; path = Library/Frameworks/XCTest.framework; sourceTree = DEVELOPER_DIR; };
		B633EEE11843276F007E0B7E /* LYCategory.h */ = {isa = PBXFileReference; fileEncoding = 4; lastKnownFileType = sourcecode.c.h; path = LYCategory.h; sourceTree = "<group>"; };
		B633EEE518432A86007E0B7E /* NSString+Input.h */ = {isa = PBXFileReference; fileEncoding = 4; lastKnownFileType = sourcecode.c.h; path = "NSString+Input.h"; sourceTree = "<group>"; };
		B633EEE618432A86007E0B7E /* NSString+Input.m */ = {isa = PBXFileReference; fileEncoding = 4; lastKnownFileType = sourcecode.c.objc; path = "NSString+Input.m"; sourceTree = "<group>"; };
		B633EEE818432E96007E0B7E /* NSDate+Formatter.h */ = {isa = PBXFileReference; fileEncoding = 4; lastKnownFileType = sourcecode.c.h; path = "NSDate+Formatter.h"; sourceTree = "<group>"; };
		B633EEE918432E97007E0B7E /* NSDate+Formatter.m */ = {isa = PBXFileReference; fileEncoding = 4; lastKnownFileType = sourcecode.c.objc; path = "NSDate+Formatter.m"; sourceTree = "<group>"; };
		B633EEEC18432FCC007E0B7E /* NSDictionary+Fix.h */ = {isa = PBXFileReference; fileEncoding = 4; lastKnownFileType = sourcecode.c.h; path = "NSDictionary+Fix.h"; sourceTree = "<group>"; };
		B633EEED18432FCC007E0B7E /* NSDictionary+Fix.m */ = {isa = PBXFileReference; fileEncoding = 4; lastKnownFileType = sourcecode.c.objc; path = "NSDictionary+Fix.m"; sourceTree = "<group>"; };
		B633EEEF184330C6007E0B7E /* NSArray+Fix.h */ = {isa = PBXFileReference; fileEncoding = 4; lastKnownFileType = sourcecode.c.h; path = "NSArray+Fix.h"; sourceTree = "<group>"; };
		B633EEF0184330C6007E0B7E /* NSArray+Fix.m */ = {isa = PBXFileReference; fileEncoding = 4; lastKnownFileType = sourcecode.c.objc; path = "NSArray+Fix.m"; sourceTree = "<group>"; };
		B633EEF218433121007E0B7E /* NSNumber+Fix.h */ = {isa = PBXFileReference; fileEncoding = 4; lastKnownFileType = sourcecode.c.h; path = "NSNumber+Fix.h"; sourceTree = "<group>"; };
		B633EEF318433121007E0B7E /* NSNumber+Fix.m */ = {isa = PBXFileReference; fileEncoding = 4; lastKnownFileType = sourcecode.c.objc; path = "NSNumber+Fix.m"; sourceTree = "<group>"; };
		B633EEF51843374C007E0B7E /* NSString+Fix.h */ = {isa = PBXFileReference; fileEncoding = 4; lastKnownFileType = sourcecode.c.h; path = "NSString+Fix.h"; sourceTree = "<group>"; };
		B633EEF61843374C007E0B7E /* NSString+Fix.m */ = {isa = PBXFileReference; fileEncoding = 4; lastKnownFileType = sourcecode.c.objc; path = "NSString+Fix.m"; sourceTree = "<group>"; };
		B6712F0E184C3A6B0046FBC1 /* UITextField+Input.h */ = {isa = PBXFileReference; fileEncoding = 4; lastKnownFileType = sourcecode.c.h; path = "UITextField+Input.h"; sourceTree = "<group>"; };
		B6712F0F184C3A6B0046FBC1 /* UITextField+Input.m */ = {isa = PBXFileReference; fileEncoding = 4; lastKnownFileType = sourcecode.c.objc; path = "UITextField+Input.m"; sourceTree = "<group>"; };
		B6712F11184C3B400046FBC1 /* UITextView+Input.h */ = {isa = PBXFileReference; fileEncoding = 4; lastKnownFileType = sourcecode.c.h; path = "UITextView+Input.h"; sourceTree = "<group>"; };
		B6712F12184C3B400046FBC1 /* UITextView+Input.m */ = {isa = PBXFileReference; fileEncoding = 4; lastKnownFileType = sourcecode.c.objc; path = "UITextView+Input.m"; sourceTree = "<group>"; };
		B6712F14184C52560046FBC1 /* NSURLRequest+Speed.h */ = {isa = PBXFileReference; fileEncoding = 4; lastKnownFileType = sourcecode.c.h; path = "NSURLRequest+Speed.h"; sourceTree = "<group>"; };
		B6712F15184C52560046FBC1 /* NSURLRequest+Speed.m */ = {isa = PBXFileReference; fileEncoding = 4; lastKnownFileType = sourcecode.c.objc; path = "NSURLRequest+Speed.m"; sourceTree = "<group>"; };
		B6712F17184C53860046FBC1 /* NSString+Speed.h */ = {isa = PBXFileReference; fileEncoding = 4; lastKnownFileType = sourcecode.c.h; path = "NSString+Speed.h"; sourceTree = "<group>"; };
		B6712F18184C53860046FBC1 /* NSString+Speed.m */ = {isa = PBXFileReference; fileEncoding = 4; lastKnownFileType = sourcecode.c.objc; path = "NSString+Speed.m"; sourceTree = "<group>"; };
		B6712F1B184C56370046FBC1 /* NSString+Date.h */ = {isa = PBXFileReference; fileEncoding = 4; lastKnownFileType = sourcecode.c.h; path = "NSString+Date.h"; sourceTree = "<group>"; };
		B6712F1C184C56370046FBC1 /* NSString+Date.m */ = {isa = PBXFileReference; fileEncoding = 4; lastKnownFileType = sourcecode.c.objc; path = "NSString+Date.m"; sourceTree = "<group>"; };
		B6712F1E184C58580046FBC1 /* NSNumber+Date.h */ = {isa = PBXFileReference; fileEncoding = 4; lastKnownFileType = sourcecode.c.h; path = "NSNumber+Date.h"; sourceTree = "<group>"; };
		B6712F1F184C58580046FBC1 /* NSNumber+Date.m */ = {isa = PBXFileReference; fileEncoding = 4; lastKnownFileType = sourcecode.c.objc; path = "NSNumber+Date.m"; sourceTree = "<group>"; };
		B6712F23184C5A620046FBC1 /* MenuViewController.h */ = {isa = PBXFileReference; fileEncoding = 4; lastKnownFileType = sourcecode.c.h; path = MenuViewController.h; sourceTree = "<group>"; };
		B6712F24184C5A620046FBC1 /* MenuViewController.m */ = {isa = PBXFileReference; fileEncoding = 4; lastKnownFileType = sourcecode.c.objc; path = MenuViewController.m; sourceTree = "<group>"; };
		B6712F25184C5A620046FBC1 /* MenuViewController.xib */ = {isa = PBXFileReference; fileEncoding = 4; lastKnownFileType = file.xib; path = MenuViewController.xib; sourceTree = "<group>"; };
		B6712F91184C79F30046FBC1 /* placeholder */ = {isa = PBXFileReference; fileEncoding = 4; lastKnownFileType = text; path = placeholder; sourceTree = "<group>"; };
/* End PBXFileReference section */

/* Begin PBXFrameworksBuildPhase section */
		B633EEAB184325E6007E0B7E /* Frameworks */ = {
			isa = PBXFrameworksBuildPhase;
			buildActionMask = 2147483647;
			files = (
				B633EEB4184325E6007E0B7E /* CoreGraphics.framework in Frameworks */,
				B633EEB6184325E6007E0B7E /* UIKit.framework in Frameworks */,
				B633EEB2184325E6007E0B7E /* Foundation.framework in Frameworks */,
			);
			runOnlyForDeploymentPostprocessing = 0;
		};
/* End PBXFrameworksBuildPhase section */

/* Begin PBXGroup section */
		B633EEA5184325E5007E0B7E = {
			isa = PBXGroup;
			children = (
				B633EEB7184325E6007E0B7E /* LYCategory */,
				B633EEB0184325E6007E0B7E /* Frameworks */,
				B633EEAF184325E6007E0B7E /* Products */,
				B633EEE01843276F007E0B7E /* LYCategory */,
			);
			sourceTree = "<group>";
		};
		B633EEAF184325E6007E0B7E /* Products */ = {
			isa = PBXGroup;
			children = (
				B633EEAE184325E6007E0B7E /* LYCategory.app */,
			);
			name = Products;
			sourceTree = "<group>";
		};
		B633EEB0184325E6007E0B7E /* Frameworks */ = {
			isa = PBXGroup;
			children = (
				B633EEB1184325E6007E0B7E /* Foundation.framework */,
				B633EEB3184325E6007E0B7E /* CoreGraphics.framework */,
				B633EEB5184325E6007E0B7E /* UIKit.framework */,
				B633EECA184325E6007E0B7E /* XCTest.framework */,
			);
			name = Frameworks;
			sourceTree = "<group>";
		};
		B633EEB7184325E6007E0B7E /* LYCategory */ = {
			isa = PBXGroup;
			children = (
				B633EEC0184325E6007E0B7E /* LYAppDelegate.h */,
				B633EEC1184325E6007E0B7E /* LYAppDelegate.m */,
				B6712F21184C5A260046FBC1 /* _Scene */,
				B633EEC3184325E6007E0B7E /* Images.xcassets */,
				B633EEB8184325E6007E0B7E /* Supporting Files */,
			);
			path = LYCategory;
			sourceTree = "<group>";
		};
		B633EEB8184325E6007E0B7E /* Supporting Files */ = {
			isa = PBXGroup;
			children = (
				B633EEB9184325E6007E0B7E /* LYCategory-Info.plist */,
				B633EEBA184325E6007E0B7E /* InfoPlist.strings */,
				B633EEBD184325E6007E0B7E /* main.m */,
				B633EEBF184325E6007E0B7E /* LYCategory-Prefix.pch */,
			);
			name = "Supporting Files";
			sourceTree = "<group>";
		};
		B633EEE01843276F007E0B7E /* LYCategory */ = {
			isa = PBXGroup;
			children = (
				B633EEE11843276F007E0B7E /* LYCategory.h */,
				B633EEE2184329FE007E0B7E /* _Cocoa */,
				B633EEE3184329FE007E0B7E /* _Foundation */,
				B633EEE4184329FE007E0B7E /* _UIKit */,
			);
			name = LYCategory;
			path = ../LYCategory;
			sourceTree = "<group>";
		};
		B633EEE2184329FE007E0B7E /* _Cocoa */ = {
			isa = PBXGroup;
			children = (
				B6712F91184C79F30046FBC1 /* placeholder */,
			);
			path = _Cocoa;
			sourceTree = "<group>";
		};
		B633EEE3184329FE007E0B7E /* _Foundation */ = {
			isa = PBXGroup;
			children = (
				B6712F1A184C56250046FBC1 /* _Create */,
				B633EEEB18432FB9007E0B7E /* _Fix */,
				B633EEE518432A86007E0B7E /* NSString+Input.h */,
				B633EEE618432A86007E0B7E /* NSString+Input.m */,
				B633EEE818432E96007E0B7E /* NSDate+Formatter.h */,
				B633EEE918432E97007E0B7E /* NSDate+Formatter.m */,
				B6152991184986A800A28C38 /* NSDate+Operator.h */,
				B6152992184986A800A28C38 /* NSDate+Operator.m */,
				B6712F14184C52560046FBC1 /* NSURLRequest+Speed.h */,
				B6712F15184C52560046FBC1 /* NSURLRequest+Speed.m */,
				B6712F17184C53860046FBC1 /* NSString+Speed.h */,
				B6712F18184C53860046FBC1 /* NSString+Speed.m */,
			);
			path = _Foundation;
			sourceTree = "<group>";
		};
		B633EEE4184329FE007E0B7E /* _UIKit */ = {
			isa = PBXGroup;
			children = (
				B6712F0E184C3A6B0046FBC1 /* UITextField+Input.h */,
				B6712F0F184C3A6B0046FBC1 /* UITextField+Input.m */,
				B6712F11184C3B400046FBC1 /* UITextView+Input.h */,
				B6712F12184C3B400046FBC1 /* UITextView+Input.m */,
			);
			path = _UIKit;
			sourceTree = "<group>";
		};
		B633EEEB18432FB9007E0B7E /* _Fix */ = {
			isa = PBXGroup;
			children = (
				B633EEEF184330C6007E0B7E /* NSArray+Fix.h */,
				B633EEF0184330C6007E0B7E /* NSArray+Fix.m */,
				B633EEEC18432FCC007E0B7E /* NSDictionary+Fix.h */,
				B633EEED18432FCC007E0B7E /* NSDictionary+Fix.m */,
				B633EEF218433121007E0B7E /* NSNumber+Fix.h */,
				B633EEF318433121007E0B7E /* NSNumber+Fix.m */,
				B633EEF51843374C007E0B7E /* NSString+Fix.h */,
				B633EEF61843374C007E0B7E /* NSString+Fix.m */,
			);
			path = _Fix;
			sourceTree = "<group>";
		};
		B6712F1A184C56250046FBC1 /* _Create */ = {
			isa = PBXGroup;
			children = (
				B6712F1B184C56370046FBC1 /* NSString+Date.h */,
				B6712F1C184C56370046FBC1 /* NSString+Date.m */,
				B6712F1E184C58580046FBC1 /* NSNumber+Date.h */,
				B6712F1F184C58580046FBC1 /* NSNumber+Date.m */,
			);
			path = _Create;
			sourceTree = "<group>";
		};
		B6712F21184C5A260046FBC1 /* _Scene */ = {
			isa = PBXGroup;
			children = (
				B6712F22184C5A540046FBC1 /* Menu */,
			);
			path = _Scene;
			sourceTree = "<group>";
		};
		B6712F22184C5A540046FBC1 /* Menu */ = {
			isa = PBXGroup;
			children = (
				B6712F23184C5A620046FBC1 /* MenuViewController.h */,
				B6712F24184C5A620046FBC1 /* MenuViewController.m */,
				B6712F25184C5A620046FBC1 /* MenuViewController.xib */,
			);
			path = Menu;
			sourceTree = "<group>";
		};
/* End PBXGroup section */

/* Begin PBXNativeTarget section */
		B633EEAD184325E6007E0B7E /* LYCategory */ = {
			isa = PBXNativeTarget;
			buildConfigurationList = B633EEDA184325E6007E0B7E /* Build configuration list for PBXNativeTarget "LYCategory" */;
			buildPhases = (
				B633EEAA184325E6007E0B7E /* Sources */,
				B633EEAB184325E6007E0B7E /* Frameworks */,
				B633EEAC184325E6007E0B7E /* Resources */,
			);
			buildRules = (
			);
			dependencies = (
			);
			name = LYCategory;
			productName = LYCategory;
			productReference = B633EEAE184325E6007E0B7E /* LYCategory.app */;
			productType = "com.apple.product-type.application";
		};
/* End PBXNativeTarget section */

/* Begin PBXProject section */
		B633EEA6184325E5007E0B7E /* Project object */ = {
			isa = PBXProject;
			attributes = {
				CLASSPREFIX = LY;
				LastUpgradeCheck = 0500;
				ORGANIZATIONNAME = "Luo Yu";
			};
			buildConfigurationList = B633EEA9184325E5007E0B7E /* Build configuration list for PBXProject "LYCategory" */;
			compatibilityVersion = "Xcode 3.2";
			developmentRegion = English;
			hasScannedForEncodings = 0;
			knownRegions = (
				en,
			);
			mainGroup = B633EEA5184325E5007E0B7E;
			productRefGroup = B633EEAF184325E6007E0B7E /* Products */;
			projectDirPath = "";
			projectRoot = "";
			targets = (
				B633EEAD184325E6007E0B7E /* LYCategory */,
			);
		};
/* End PBXProject section */

/* Begin PBXResourcesBuildPhase section */
		B633EEAC184325E6007E0B7E /* Resources */ = {
			isa = PBXResourcesBuildPhase;
			buildActionMask = 2147483647;
			files = (
				B633EEBC184325E6007E0B7E /* InfoPlist.strings in Resources */,
				B6712F27184C5A620046FBC1 /* MenuViewController.xib in Resources */,
				B6712F92184C79F30046FBC1 /* placeholder in Resources */,
				B633EEC4184325E6007E0B7E /* Images.xcassets in Resources */,
			);
			runOnlyForDeploymentPostprocessing = 0;
		};
/* End PBXResourcesBuildPhase section */

/* Begin PBXSourcesBuildPhase section */
		B633EEAA184325E6007E0B7E /* Sources */ = {
			isa = PBXSourcesBuildPhase;
			buildActionMask = 2147483647;
			files = (
				B633EEF1184330C6007E0B7E /* NSArray+Fix.m in Sources */,
				B633EEE718432A86007E0B7E /* NSString+Input.m in Sources */,
				B633EEF418433121007E0B7E /* NSNumber+Fix.m in Sources */,
				B6712F26184C5A620046FBC1 /* MenuViewController.m in Sources */,
				B6712F20184C58580046FBC1 /* NSNumber+Date.m in Sources */,
				B6712F13184C3B400046FBC1 /* UITextView+Input.m in Sources */,
				B6712F16184C52560046FBC1 /* NSURLRequest+Speed.m in Sources */,
				B633EEF71843374C007E0B7E /* NSString+Fix.m in Sources */,
				B633EEBE184325E6007E0B7E /* main.m in Sources */,
				B633EEC2184325E6007E0B7E /* LYAppDelegate.m in Sources */,
				B6152993184986A800A28C38 /* NSDate+Operator.m in Sources */,
				B633EEEE18432FCC007E0B7E /* NSDictionary+Fix.m in Sources */,
				B6712F10184C3A6B0046FBC1 /* UITextField+Input.m in Sources */,
				B633EEEA18432E97007E0B7E /* NSDate+Formatter.m in Sources */,
				B6712F19184C53860046FBC1 /* NSString+Speed.m in Sources */,
				B6712F1D184C56370046FBC1 /* NSString+Date.m in Sources */,
			);
			runOnlyForDeploymentPostprocessing = 0;
		};
/* End PBXSourcesBuildPhase section */

/* Begin PBXVariantGroup section */
		B633EEBA184325E6007E0B7E /* InfoPlist.strings */ = {
			isa = PBXVariantGroup;
			children = (
				B633EEBB184325E6007E0B7E /* en */,
			);
			name = InfoPlist.strings;
			sourceTree = "<group>";
		};
/* End PBXVariantGroup section */

/* Begin XCBuildConfiguration section */
		B633EED8184325E6007E0B7E /* Debug */ = {
			isa = XCBuildConfiguration;
			buildSettings = {
				ALWAYS_SEARCH_USER_PATHS = NO;
				ARCHS = "$(ARCHS_STANDARD_INCLUDING_64_BIT)";
				CLANG_CXX_LANGUAGE_STANDARD = "gnu++0x";
				CLANG_CXX_LIBRARY = "libc++";
				CLANG_ENABLE_MODULES = YES;
				CLANG_ENABLE_OBJC_ARC = YES;
				CLANG_WARN_BOOL_CONVERSION = YES;
				CLANG_WARN_CONSTANT_CONVERSION = YES;
				CLANG_WARN_DIRECT_OBJC_ISA_USAGE = YES_ERROR;
				CLANG_WARN_EMPTY_BODY = YES;
				CLANG_WARN_ENUM_CONVERSION = YES;
				CLANG_WARN_INT_CONVERSION = YES;
				CLANG_WARN_OBJC_ROOT_CLASS = YES_ERROR;
				CLANG_WARN__DUPLICATE_METHOD_MATCH = YES;
				"CODE_SIGN_IDENTITY[sdk=iphoneos*]" = "iPhone Developer";
				COPY_PHASE_STRIP = NO;
				GCC_C_LANGUAGE_STANDARD = gnu99;
				GCC_DYNAMIC_NO_PIC = NO;
				GCC_OPTIMIZATION_LEVEL = 0;
				GCC_PREPROCESSOR_DEFINITIONS = (
					"DEBUG=1",
					"$(inherited)",
				);
				GCC_SYMBOLS_PRIVATE_EXTERN = NO;
				GCC_WARN_64_TO_32_BIT_CONVERSION = YES;
				GCC_WARN_ABOUT_RETURN_TYPE = YES_ERROR;
				GCC_WARN_UNDECLARED_SELECTOR = YES;
				GCC_WARN_UNINITIALIZED_AUTOS = YES;
				GCC_WARN_UNUSED_FUNCTION = YES;
				GCC_WARN_UNUSED_VARIABLE = YES;
				IPHONEOS_DEPLOYMENT_TARGET = 7.0;
				ONLY_ACTIVE_ARCH = YES;
				SDKROOT = iphoneos;
			};
			name = Debug;
		};
		B633EED9184325E6007E0B7E /* Release */ = {
			isa = XCBuildConfiguration;
			buildSettings = {
				ALWAYS_SEARCH_USER_PATHS = NO;
				ARCHS = "$(ARCHS_STANDARD_INCLUDING_64_BIT)";
				CLANG_CXX_LANGUAGE_STANDARD = "gnu++0x";
				CLANG_CXX_LIBRARY = "libc++";
				CLANG_ENABLE_MODULES = YES;
				CLANG_ENABLE_OBJC_ARC = YES;
				CLANG_WARN_BOOL_CONVERSION = YES;
				CLANG_WARN_CONSTANT_CONVERSION = YES;
				CLANG_WARN_DIRECT_OBJC_ISA_USAGE = YES_ERROR;
				CLANG_WARN_EMPTY_BODY = YES;
				CLANG_WARN_ENUM_CONVERSION = YES;
				CLANG_WARN_INT_CONVERSION = YES;
				CLANG_WARN_OBJC_ROOT_CLASS = YES_ERROR;
				CLANG_WARN__DUPLICATE_METHOD_MATCH = YES;
				"CODE_SIGN_IDENTITY[sdk=iphoneos*]" = "iPhone Developer";
				COPY_PHASE_STRIP = YES;
				ENABLE_NS_ASSERTIONS = NO;
				GCC_C_LANGUAGE_STANDARD = gnu99;
				GCC_WARN_64_TO_32_BIT_CONVERSION = YES;
				GCC_WARN_ABOUT_RETURN_TYPE = YES_ERROR;
				GCC_WARN_UNDECLARED_SELECTOR = YES;
				GCC_WARN_UNINITIALIZED_AUTOS = YES;
				GCC_WARN_UNUSED_FUNCTION = YES;
				GCC_WARN_UNUSED_VARIABLE = YES;
				IPHONEOS_DEPLOYMENT_TARGET = 7.0;
				SDKROOT = iphoneos;
				VALIDATE_PRODUCT = YES;
			};
			name = Release;
		};
		B633EEDB184325E6007E0B7E /* Debug */ = {
			isa = XCBuildConfiguration;
			buildSettings = {
				ARCHS = "$(ARCHS_STANDARD)";
				ASSETCATALOG_COMPILER_APPICON_NAME = AppIcon;
				ASSETCATALOG_COMPILER_LAUNCHIMAGE_NAME = LaunchImage;
				GCC_PRECOMPILE_PREFIX_HEADER = YES;
				GCC_PREFIX_HEADER = "LYCategory/LYCategory-Prefix.pch";
				INFOPLIST_FILE = "LYCategory/LYCategory-Info.plist";
				IPHONEOS_DEPLOYMENT_TARGET = 6.0;
				PRODUCT_NAME = "$(TARGET_NAME)";
				WRAPPER_EXTENSION = app;
			};
			name = Debug;
		};
		B633EEDC184325E6007E0B7E /* Release */ = {
			isa = XCBuildConfiguration;
			buildSettings = {
				ARCHS = "$(ARCHS_STANDARD)";
				ASSETCATALOG_COMPILER_APPICON_NAME = AppIcon;
				ASSETCATALOG_COMPILER_LAUNCHIMAGE_NAME = LaunchImage;
				GCC_PRECOMPILE_PREFIX_HEADER = YES;
				GCC_PREFIX_HEADER = "LYCategory/LYCategory-Prefix.pch";
				INFOPLIST_FILE = "LYCategory/LYCategory-Info.plist";
				IPHONEOS_DEPLOYMENT_TARGET = 6.0;
				PRODUCT_NAME = "$(TARGET_NAME)";
				WRAPPER_EXTENSION = app;
			};
			name = Release;
		};
/* End XCBuildConfiguration section */

/* Begin XCConfigurationList section */
		B633EEA9184325E5007E0B7E /* Build configuration list for PBXProject "LYCategory" */ = {
			isa = XCConfigurationList;
			buildConfigurations = (
				B633EED8184325E6007E0B7E /* Debug */,
				B633EED9184325E6007E0B7E /* Release */,
			);
			defaultConfigurationIsVisible = 0;
			defaultConfigurationName = Release;
		};
		B633EEDA184325E6007E0B7E /* Build configuration list for PBXNativeTarget "LYCategory" */ = {
			isa = XCConfigurationList;
			buildConfigurations = (
				B633EEDB184325E6007E0B7E /* Debug */,
				B633EEDC184325E6007E0B7E /* Release */,
			);
			defaultConfigurationIsVisible = 0;
			defaultConfigurationName = Release;
		};
/* End XCConfigurationList section */
	};
	rootObject = B633EEA6184325E5007E0B7E /* Project object */;
}
